// !$*UTF8*$!
{
	archiveVersion = 1;
	classes = {
	};
	objectVersion = 48;
	objects = {

/* Begin PBXBuildFile section */
		C008A614FBF4A08D0BCEA2FA /* Pods_Todoey.framework in Frameworks */ = {isa = PBXBuildFile; fileRef = BA8E8112B644C0CC301C8129 /* Pods_Todoey.framework */; };
		C279927D203ADEE7000318DB /* CategoryViewController.swift in Sources */ = {isa = PBXBuildFile; fileRef = C279927C203ADEE7000318DB /* CategoryViewController.swift */; };
		C29FAAA920424518006C40DA /* SwipeTableViewController.swift in Sources */ = {isa = PBXBuildFile; fileRef = C29FAAA820424518006C40DA /* SwipeTableViewController.swift */; };
		C2D845EA203A093900A5C710 /* AppDelegate.swift in Sources */ = {isa = PBXBuildFile; fileRef = C2D845E9203A093900A5C710 /* AppDelegate.swift */; };
		C2D845EC203A093900A5C710 /* TodoListViewController.swift in Sources */ = {isa = PBXBuildFile; fileRef = C2D845EB203A093900A5C710 /* TodoListViewController.swift */; };
		C2D845EF203A093A00A5C710 /* Main.storyboard in Resources */ = {isa = PBXBuildFile; fileRef = C2D845ED203A093A00A5C710 /* Main.storyboard */; };
		C2D845F1203A093A00A5C710 /* Assets.xcassets in Resources */ = {isa = PBXBuildFile; fileRef = C2D845F0203A093A00A5C710 /* Assets.xcassets */; };
		C2D845F4203A093A00A5C710 /* LaunchScreen.storyboard in Resources */ = {isa = PBXBuildFile; fileRef = C2D845F2203A093A00A5C710 /* LaunchScreen.storyboard */; };
		C2E9C437203E82C40074238B /* Item.swift in Sources */ = {isa = PBXBuildFile; fileRef = C2E9C436203E82C40074238B /* Item.swift */; };
		C2E9C439203E82D50074238B /* Category.swift in Sources */ = {isa = PBXBuildFile; fileRef = C2E9C438203E82D50074238B /* Category.swift */; };
/* End PBXBuildFile section */

/* Begin PBXFileReference section */
		8C76B6B9DE48B105626CBF13 /* Pods-Todoey.release.xcconfig */ = {isa = PBXFileReference; includeInIndex = 1; lastKnownFileType = text.xcconfig; name = "Pods-Todoey.release.xcconfig"; path = "Pods/Target Support Files/Pods-Todoey/Pods-Todoey.release.xcconfig"; sourceTree = "<group>"; };
		BA8E8112B644C0CC301C8129 /* Pods_Todoey.framework */ = {isa = PBXFileReference; explicitFileType = wrapper.framework; includeInIndex = 0; path = Pods_Todoey.framework; sourceTree = BUILT_PRODUCTS_DIR; };
		C279927C203ADEE7000318DB /* CategoryViewController.swift */ = {isa = PBXFileReference; lastKnownFileType = sourcecode.swift; path = CategoryViewController.swift; sourceTree = "<group>"; };
		C29FAAA820424518006C40DA /* SwipeTableViewController.swift */ = {isa = PBXFileReference; lastKnownFileType = sourcecode.swift; path = SwipeTableViewController.swift; sourceTree = "<group>"; };
		C2D845E6203A093900A5C710 /* Todoey.app */ = {isa = PBXFileReference; explicitFileType = wrapper.application; includeInIndex = 0; path = Todoey.app; sourceTree = BUILT_PRODUCTS_DIR; };
		C2D845E9203A093900A5C710 /* AppDelegate.swift */ = {isa = PBXFileReference; lastKnownFileType = sourcecode.swift; path = AppDelegate.swift; sourceTree = "<group>"; };
		C2D845EB203A093900A5C710 /* TodoListViewController.swift */ = {isa = PBXFileReference; lastKnownFileType = sourcecode.swift; path = TodoListViewController.swift; sourceTree = "<group>"; };
		C2D845EE203A093A00A5C710 /* Base */ = {isa = PBXFileReference; lastKnownFileType = file.storyboard; name = Base; path = Base.lproj/Main.storyboard; sourceTree = "<group>"; };
		C2D845F0203A093A00A5C710 /* Assets.xcassets */ = {isa = PBXFileReference; lastKnownFileType = folder.assetcatalog; path = Assets.xcassets; sourceTree = "<group>"; };
		C2D845F3203A093A00A5C710 /* Base */ = {isa = PBXFileReference; lastKnownFileType = file.storyboard; name = Base; path = Base.lproj/LaunchScreen.storyboard; sourceTree = "<group>"; };
		C2D845F5203A093A00A5C710 /* Info.plist */ = {isa = PBXFileReference; lastKnownFileType = text.plist.xml; path = Info.plist; sourceTree = "<group>"; };
		C2E9C436203E82C40074238B /* Item.swift */ = {isa = PBXFileReference; lastKnownFileType = sourcecode.swift; path = Item.swift; sourceTree = "<group>"; };
		C2E9C438203E82D50074238B /* Category.swift */ = {isa = PBXFileReference; lastKnownFileType = sourcecode.swift; path = Category.swift; sourceTree = "<group>"; };
		E27AB28D68483A1946A417EF /* Pods-Todoey.debug.xcconfig */ = {isa = PBXFileReference; includeInIndex = 1; lastKnownFileType = text.xcconfig; name = "Pods-Todoey.debug.xcconfig"; path = "Pods/Target Support Files/Pods-Todoey/Pods-Todoey.debug.xcconfig"; sourceTree = "<group>"; };
/* End PBXFileReference section */

/* Begin PBXFrameworksBuildPhase section */
		C2D845E3203A093900A5C710 /* Frameworks */ = {
			isa = PBXFrameworksBuildPhase;
			buildActionMask = 2147483647;
			files = (
				C008A614FBF4A08D0BCEA2FA /* Pods_Todoey.framework in Frameworks */,
			);
			runOnlyForDeploymentPostprocessing = 0;
		};
/* End PBXFrameworksBuildPhase section */

/* Begin PBXGroup section */
		303523E57C5E384363769F89 /* Frameworks */ = {
			isa = PBXGroup;
			children = (
				BA8E8112B644C0CC301C8129 /* Pods_Todoey.framework */,
			);
			name = Frameworks;
			sourceTree = "<group>";
		};
		4DE0F41F9602D8062F2C6501 /* Pods */ = {
			isa = PBXGroup;
			children = (
				E27AB28D68483A1946A417EF /* Pods-Todoey.debug.xcconfig */,
				8C76B6B9DE48B105626CBF13 /* Pods-Todoey.release.xcconfig */,
			);
			name = Pods;
			sourceTree = "<group>";
		};
		C2D845DD203A093900A5C710 = {
			isa = PBXGroup;
			children = (
				C2D845E8203A093900A5C710 /* Todoey */,
				C2D845E7203A093900A5C710 /* Products */,
				4DE0F41F9602D8062F2C6501 /* Pods */,
				303523E57C5E384363769F89 /* Frameworks */,
			);
			sourceTree = "<group>";
		};
		C2D845E7203A093900A5C710 /* Products */ = {
			isa = PBXGroup;
			children = (
				C2D845E6203A093900A5C710 /* Todoey.app */,
			);
			name = Products;
			sourceTree = "<group>";
		};
		C2D845E8203A093900A5C710 /* Todoey */ = {
			isa = PBXGroup;
			children = (
				C2D845E9203A093900A5C710 /* AppDelegate.swift */,
				C2E06177203A83D100DD1F86 /* Controller */,
				C2E06179203A83DF00DD1F86 /* Data Model */,
				C2E06178203A83DC00DD1F86 /* View */,
				C2E0617A203A848B00DD1F86 /* Supporting Files */,
			);
			path = Todoey;
			sourceTree = "<group>";
		};
		C2E06177203A83D100DD1F86 /* Controller */ = {
			isa = PBXGroup;
			children = (
				C29FAAA820424518006C40DA /* SwipeTableViewController.swift */,
				C279927C203ADEE7000318DB /* CategoryViewController.swift */,
				C2D845EB203A093900A5C710 /* TodoListViewController.swift */,
			);
			path = Controller;
			sourceTree = "<group>";
		};
		C2E06178203A83DC00DD1F86 /* View */ = {
			isa = PBXGroup;
			children = (
				C2D845ED203A093A00A5C710 /* Main.storyboard */,
				C2D845F2203A093A00A5C710 /* LaunchScreen.storyboard */,
			);
			path = View;
			sourceTree = "<group>";
		};
		C2E06179203A83DF00DD1F86 /* Data Model */ = {
			isa = PBXGroup;
			children = (
				C2E9C438203E82D50074238B /* Category.swift */,
				C2E9C436203E82C40074238B /* Item.swift */,
			);
			path = "Data Model";
			sourceTree = "<group>";
		};
		C2E0617A203A848B00DD1F86 /* Supporting Files */ = {
			isa = PBXGroup;
			children = (
				C2D845F5203A093A00A5C710 /* Info.plist */,
				C2D845F0203A093A00A5C710 /* Assets.xcassets */,
			);
			path = "Supporting Files";
			sourceTree = "<group>";
		};
/* End PBXGroup section */

/* Begin PBXNativeTarget section */
		C2D845E5203A093900A5C710 /* Todoey */ = {
			isa = PBXNativeTarget;
			buildConfigurationList = C2D845F8203A093A00A5C710 /* Build configuration list for PBXNativeTarget "Todoey" */;
			buildPhases = (
				DB92D6EFC8FF1B233F29BA33 /* [CP] Check Pods Manifest.lock */,
				C2D845E2203A093900A5C710 /* Sources */,
				C2D845E3203A093900A5C710 /* Frameworks */,
				C2D845E4203A093900A5C710 /* Resources */,
				EB315F5A1FA2EDF67B4654D5 /* [CP] Embed Pods Frameworks */,
				27B115E7C86C0971FABE84AE /* [CP] Copy Pods Resources */,
			);
			buildRules = (
			);
			dependencies = (
			);
			name = Todoey;
			productName = Todoey;
			productReference = C2D845E6203A093900A5C710 /* Todoey.app */;
			productType = "com.apple.product-type.application";
		};
/* End PBXNativeTarget section */

/* Begin PBXProject section */
		C2D845DE203A093900A5C710 /* Project object */ = {
			isa = PBXProject;
			attributes = {
				LastSwiftUpdateCheck = 0920;
				LastUpgradeCheck = 0920;
				ORGANIZATIONNAME = "Noah Wilder";
				TargetAttributes = {
					C2D845E5203A093900A5C710 = {
						CreatedOnToolsVersion = 9.2;
						ProvisioningStyle = Automatic;
					};
				};
			};
			buildConfigurationList = C2D845E1203A093900A5C710 /* Build configuration list for PBXProject "Todoey" */;
			compatibilityVersion = "Xcode 8.0";
			developmentRegion = en;
			hasScannedForEncodings = 0;
			knownRegions = (
				en,
				Base,
			);
			mainGroup = C2D845DD203A093900A5C710;
			productRefGroup = C2D845E7203A093900A5C710 /* Products */;
			projectDirPath = "";
			projectRoot = "";
			targets = (
				C2D845E5203A093900A5C710 /* Todoey */,
			);
		};
/* End PBXProject section */

/* Begin PBXResourcesBuildPhase section */
		C2D845E4203A093900A5C710 /* Resources */ = {
			isa = PBXResourcesBuildPhase;
			buildActionMask = 2147483647;
			files = (
				C2D845F4203A093A00A5C710 /* LaunchScreen.storyboard in Resources */,
				C2D845F1203A093A00A5C710 /* Assets.xcassets in Resources */,
				C2D845EF203A093A00A5C710 /* Main.storyboard in Resources */,
			);
			runOnlyForDeploymentPostprocessing = 0;
		};
/* End PBXResourcesBuildPhase section */

/* Begin PBXShellScriptBuildPhase section */
		27B115E7C86C0971FABE84AE /* [CP] Copy Pods Resources */ = {
			isa = PBXShellScriptBuildPhase;
			buildActionMask = 2147483647;
			files = (
			);
			inputPaths = (
			);
			name = "[CP] Copy Pods Resources";
			outputPaths = (
			);
			runOnlyForDeploymentPostprocessing = 0;
			shellPath = /bin/sh;
			shellScript = "\"${SRCROOT}/Pods/Target Support Files/Pods-Todoey/Pods-Todoey-resources.sh\"\n";
			showEnvVarsInLog = 0;
		};
		DB92D6EFC8FF1B233F29BA33 /* [CP] Check Pods Manifest.lock */ = {
			isa = PBXShellScriptBuildPhase;
			buildActionMask = 2147483647;
			files = (
			);
			inputPaths = (
				"${PODS_PODFILE_DIR_PATH}/Podfile.lock",
				"${PODS_ROOT}/Manifest.lock",
			);
			name = "[CP] Check Pods Manifest.lock";
			outputPaths = (
				"$(DERIVED_FILE_DIR)/Pods-Todoey-checkManifestLockResult.txt",
			);
			runOnlyForDeploymentPostprocessing = 0;
			shellPath = /bin/sh;
			shellScript = "diff \"${PODS_PODFILE_DIR_PATH}/Podfile.lock\" \"${PODS_ROOT}/Manifest.lock\" > /dev/null\nif [ $? != 0 ] ; then\n    # print error to STDERR\n    echo \"error: The sandbox is not in sync with the Podfile.lock. Run 'pod install' or update your CocoaPods installation.\" >&2\n    exit 1\nfi\n# This output is used by Xcode 'outputs' to avoid re-running this script phase.\necho \"SUCCESS\" > \"${SCRIPT_OUTPUT_FILE_0}\"\n";
			showEnvVarsInLog = 0;
		};
		EB315F5A1FA2EDF67B4654D5 /* [CP] Embed Pods Frameworks */ = {
			isa = PBXShellScriptBuildPhase;
			buildActionMask = 2147483647;
			files = (
			);
			inputPaths = (
				"${SRCROOT}/Pods/Target Support Files/Pods-Todoey/Pods-Todoey-frameworks.sh",
				"${BUILT_PRODUCTS_DIR}/ChameleonFramework/ChameleonFramework.framework",
				"${BUILT_PRODUCTS_DIR}/Realm/Realm.framework",
				"${BUILT_PRODUCTS_DIR}/RealmSwift/RealmSwift.framework",
				"${BUILT_PRODUCTS_DIR}/SwipeCellKit/SwipeCellKit.framework",
			);
			name = "[CP] Embed Pods Frameworks";
			outputPaths = (
				"${TARGET_BUILD_DIR}/${FRAMEWORKS_FOLDER_PATH}/ChameleonFramework.framework",
				"${TARGET_BUILD_DIR}/${FRAMEWORKS_FOLDER_PATH}/Realm.framework",
				"${TARGET_BUILD_DIR}/${FRAMEWORKS_FOLDER_PATH}/RealmSwift.framework",
				"${TARGET_BUILD_DIR}/${FRAMEWORKS_FOLDER_PATH}/SwipeCellKit.framework",
			);
			runOnlyForDeploymentPostprocessing = 0;
			shellPath = /bin/sh;
			shellScript = "\"${SRCROOT}/Pods/Target Support Files/Pods-Todoey/Pods-Todoey-frameworks.sh\"\n";
			showEnvVarsInLog = 0;
		};
/* End PBXShellScriptBuildPhase section */

/* Begin PBXSourcesBuildPhase section */
		C2D845E2203A093900A5C710 /* Sources */ = {
			isa = PBXSourcesBuildPhase;
			buildActionMask = 2147483647;
			files = (
				C2E9C437203E82C40074238B /* Item.swift in Sources */,
				C279927D203ADEE7000318DB /* CategoryViewController.swift in Sources */,
				C2D845EC203A093900A5C710 /* TodoListViewController.swift in Sources */,
				C2D845EA203A093900A5C710 /* AppDelegate.swift in Sources */,
				C29FAAA920424518006C40DA /* SwipeTableViewController.swift in Sources */,
				C2E9C439203E82D50074238B /* Category.swift in Sources */,
			);
			runOnlyForDeploymentPostprocessing = 0;
		};
/* End PBXSourcesBuildPhase section */

/* Begin PBXVariantGroup section */
		C2D845ED203A093A00A5C710 /* Main.storyboard */ = {
			isa = PBXVariantGroup;
			children = (
				C2D845EE203A093A00A5C710 /* Base */,
			);
			name = Main.storyboard;
			sourceTree = "<group>";
		};
		C2D845F2203A093A00A5C710 /* LaunchScreen.storyboard */ = {
			isa = PBXVariantGroup;
			children = (
				C2D845F3203A093A00A5C710 /* Base */,
			);
			name = LaunchScreen.storyboard;
			sourceTree = "<group>";
		};
/* End PBXVariantGroup section */

/* Begin XCBuildConfiguration section */
		C2D845F6203A093A00A5C710 /* Debug */ = {
			isa = XCBuildConfiguration;
			buildSettings = {
				ALWAYS_SEARCH_USER_PATHS = NO;
				CLANG_ANALYZER_NONNULL = YES;
				CLANG_ANALYZER_NUMBER_OBJECT_CONVERSION = YES_AGGRESSIVE;
				CLANG_CXX_LANGUAGE_STANDARD = "gnu++14";
				CLANG_CXX_LIBRARY = "libc++";
				CLANG_ENABLE_MODULES = YES;
				CLANG_ENABLE_OBJC_ARC = YES;
				CLANG_WARN_BLOCK_CAPTURE_AUTORELEASING = YES;
				CLANG_WARN_BOOL_CONVERSION = YES;
				CLANG_WARN_COMMA = YES;
				CLANG_WARN_CONSTANT_CONVERSION = YES;
				CLANG_WARN_DIRECT_OBJC_ISA_USAGE = YES_ERROR;
				CLANG_WARN_DOCUMENTATION_COMMENTS = YES;
				CLANG_WARN_EMPTY_BODY = YES;
				CLANG_WARN_ENUM_CONVERSION = YES;
				CLANG_WARN_INFINITE_RECURSION = YES;
				CLANG_WARN_INT_CONVERSION = YES;
				CLANG_WARN_NON_LITERAL_NULL_CONVERSION = YES;
				CLANG_WARN_OBJC_LITERAL_CONVERSION = YES;
				CLANG_WARN_OBJC_ROOT_CLASS = YES_ERROR;
				CLANG_WARN_RANGE_LOOP_ANALYSIS = YES;
				CLANG_WARN_STRICT_PROTOTYPES = YES;
				CLANG_WARN_SUSPICIOUS_MOVE = YES;
				CLANG_WARN_UNGUARDED_AVAILABILITY = YES_AGGRESSIVE;
				CLANG_WARN_UNREACHABLE_CODE = YES;
				CLANG_WARN__DUPLICATE_METHOD_MATCH = YES;
				CODE_SIGN_IDENTITY = "iPhone Developer";
				COPY_PHASE_STRIP = NO;
				DEBUG_INFORMATION_FORMAT = dwarf;
				ENABLE_STRICT_OBJC_MSGSEND = YES;
				ENABLE_TESTABILITY = YES;
				GCC_C_LANGUAGE_STANDARD = gnu11;
				GCC_DYNAMIC_NO_PIC = NO;
				GCC_NO_COMMON_BLOCKS = YES;
				GCC_OPTIMIZATION_LEVEL = 0;
				GCC_PREPROCESSOR_DEFINITIONS = (
					"DEBUG=1",
					"$(inherited)",
				);
				GCC_WARN_64_TO_32_BIT_CONVERSION = YES;
				GCC_WARN_ABOUT_RETURN_TYPE = YES_ERROR;
				GCC_WARN_UNDECLARED_SELECTOR = YES;
				GCC_WARN_UNINITIALIZED_AUTOS = YES_AGGRESSIVE;
				GCC_WARN_UNUSED_FUNCTION = YES;
				GCC_WARN_UNUSED_VARIABLE = YES;
				IPHONEOS_DEPLOYMENT_TARGET = 11.2;
				MTL_ENABLE_DEBUG_INFO = YES;
				ONLY_ACTIVE_ARCH = YES;
				SDKROOT = iphoneos;
				SWIFT_ACTIVE_COMPILATION_CONDITIONS = DEBUG;
				SWIFT_OPTIMIZATION_LEVEL = "-Onone";
			};
			name = Debug;
		};
		C2D845F7203A093A00A5C710 /* Release */ = {
			isa = XCBuildConfiguration;
			buildSettings = {
				ALWAYS_SEARCH_USER_PATHS = NO;
				CLANG_ANALYZER_NONNULL = YES;
				CLANG_ANALYZER_NUMBER_OBJECT_CONVERSION = YES_AGGRESSIVE;
				CLANG_CXX_LANGUAGE_STANDARD = "gnu++14";
				CLANG_CXX_LIBRARY = "libc++";
				CLANG_ENABLE_MODULES = YES;
				CLANG_ENABLE_OBJC_ARC = YES;
				CLANG_WARN_BLOCK_CAPTURE_AUTORELEASING = YES;
				CLANG_WARN_BOOL_CONVERSION = YES;
				CLANG_WARN_COMMA = YES;
				CLANG_WARN_CONSTANT_CONVERSION = YES;
				CLANG_WARN_DIRECT_OBJC_ISA_USAGE = YES_ERROR;
				CLANG_WARN_DOCUMENTATION_COMMENTS = YES;
				CLANG_WARN_EMPTY_BODY = YES;
				CLANG_WARN_ENUM_CONVERSION = YES;
				CLANG_WARN_INFINITE_RECURSION = YES;
				CLANG_WARN_INT_CONVERSION = YES;
				CLANG_WARN_NON_LITERAL_NULL_CONVERSION = YES;
				CLANG_WARN_OBJC_LITERAL_CONVERSION = YES;
				CLANG_WARN_OBJC_ROOT_CLASS = YES_ERROR;
				CLANG_WARN_RANGE_LOOP_ANALYSIS = YES;
				CLANG_WARN_STRICT_PROTOTYPES = YES;
				CLANG_WARN_SUSPICIOUS_MOVE = YES;
				CLANG_WARN_UNGUARDED_AVAILABILITY = YES_AGGRESSIVE;
				CLANG_WARN_UNREACHABLE_CODE = YES;
				CLANG_WARN__DUPLICATE_METHOD_MATCH = YES;
				CODE_SIGN_IDENTITY = "iPhone Developer";
				COPY_PHASE_STRIP = NO;
				DEBUG_INFORMATION_FORMAT = "dwarf-with-dsym";
				ENABLE_NS_ASSERTIONS = NO;
				ENABLE_STRICT_OBJC_MSGSEND = YES;
				GCC_C_LANGUAGE_STANDARD = gnu11;
				GCC_NO_COMMON_BLOCKS = YES;
				GCC_WARN_64_TO_32_BIT_CONVERSION = YES;
				GCC_WARN_ABOUT_RETURN_TYPE = YES_ERROR;
				GCC_WARN_UNDECLARED_SELECTOR = YES;
				GCC_WARN_UNINITIALIZED_AUTOS = YES_AGGRESSIVE;
				GCC_WARN_UNUSED_FUNCTION = YES;
				GCC_WARN_UNUSED_VARIABLE = YES;
				IPHONEOS_DEPLOYMENT_TARGET = 11.2;
				MTL_ENABLE_DEBUG_INFO = NO;
				SDKROOT = iphoneos;
				SWIFT_OPTIMIZATION_LEVEL = "-Owholemodule";
				VALIDATE_PRODUCT = YES;
			};
			name = Release;
		};
		C2D845F9203A093A00A5C710 /* Debug */ = {
			isa = XCBuildConfiguration;
			baseConfigurationReference = E27AB28D68483A1946A417EF /* Pods-Todoey.debug.xcconfig */;
			buildSettings = {
				ASSETCATALOG_COMPILER_APPICON_NAME = AppIcon;
				CODE_SIGN_STYLE = Automatic;
				DEVELOPMENT_TEAM = JPFSXG2FT6;
				INFOPLIST_FILE = "Todoey/Supporting Files/Info.plist";
				LD_RUNPATH_SEARCH_PATHS = "$(inherited) @executable_path/Frameworks";
				PRODUCT_BUNDLE_IDENTIFIER = com.noahwilder.Todoey;
				PRODUCT_NAME = "$(TARGET_NAME)";
				SWIFT_VERSION = 4.0;
				TARGETED_DEVICE_FAMILY = "1,2";
			};
			name = Debug;
		};
		C2D845FA203A093A00A5C710 /* Release */ = {
			isa = XCBuildConfiguration;
			baseConfigurationReference = 8C76B6B9DE48B105626CBF13 /* Pods-Todoey.release.xcconfig */;
			buildSettings = {
				ASSETCATALOG_COMPILER_APPICON_NAME = AppIcon;
				CODE_SIGN_STYLE = Automatic;
				DEVELOPMENT_TEAM = JPFSXG2FT6;
				INFOPLIST_FILE = "Todoey/Supporting Files/Info.plist";
				LD_RUNPATH_SEARCH_PATHS = "$(inherited) @executable_path/Frameworks";
				PRODUCT_BUNDLE_IDENTIFIER = com.noahwilder.Todoey;
				PRODUCT_NAME = "$(TARGET_NAME)";
				SWIFT_VERSION = 4.0;
				TARGETED_DEVICE_FAMILY = "1,2";
			};
			name = Release;
		};
/* End XCBuildConfiguration section */

/* Begin XCConfigurationList section */
		C2D845E1203A093900A5C710 /* Build configuration list for PBXProject "Todoey" */ = {
			isa = XCConfigurationList;
			buildConfigurations = (
				C2D845F6203A093A00A5C710 /* Debug */,
				C2D845F7203A093A00A5C710 /* Release */,
			);
			defaultConfigurationIsVisible = 0;
			defaultConfigurationName = Release;
		};
		C2D845F8203A093A00A5C710 /* Build configuration list for PBXNativeTarget "Todoey" */ = {
			isa = XCConfigurationList;
			buildConfigurations = (
				C2D845F9203A093A00A5C710 /* Debug */,
				C2D845FA203A093A00A5C710 /* Release */,
			);
			defaultConfigurationIsVisible = 0;
			defaultConfigurationName = Release;
		};
/* End XCConfigurationList section */
	};
	rootObject = C2D845DE203A093900A5C710 /* Project object */;
}
